// !$*UTF8*$!
{
	archiveVersion = 1;
	classes = {
	};
	objectVersion = 46;
	objects = {

/* Begin PBXBuildFile section */
		2083CD2B1BF0523B00413D07 /* AppDelegate.swift in Sources */ = {isa = PBXBuildFile; fileRef = 2083CD2A1BF0523B00413D07 /* AppDelegate.swift */; };
		2083CD2D1BF0523B00413D07 /* ViewController.swift in Sources */ = {isa = PBXBuildFile; fileRef = 2083CD2C1BF0523B00413D07 /* ViewController.swift */; };
		2083CD301BF0523B00413D07 /* Main.storyboard in Resources */ = {isa = PBXBuildFile; fileRef = 2083CD2E1BF0523B00413D07 /* Main.storyboard */; };
		2083CD321BF0523B00413D07 /* Assets.xcassets in Resources */ = {isa = PBXBuildFile; fileRef = 2083CD311BF0523B00413D07 /* Assets.xcassets */; };
		2083CD351BF0523B00413D07 /* LaunchScreen.storyboard in Resources */ = {isa = PBXBuildFile; fileRef = 2083CD331BF0523B00413D07 /* LaunchScreen.storyboard */; };
		2083CD401BF0523B00413D07 /* PNAttributionTests.swift in Sources */ = {isa = PBXBuildFile; fileRef = 2083CD3F1BF0523B00413D07 /* PNAttributionTests.swift */; };
		2083CD4B1BF0523B00413D07 /* PNAttributionUITests.swift in Sources */ = {isa = PBXBuildFile; fileRef = 2083CD4A1BF0523B00413D07 /* PNAttributionUITests.swift */; };
/* End PBXBuildFile section */

/* Begin PBXContainerItemProxy section */
		2083CD3C1BF0523B00413D07 /* PBXContainerItemProxy */ = {
			isa = PBXContainerItemProxy;
			containerPortal = 2083CD1F1BF0523B00413D07 /* Project object */;
			proxyType = 1;
			remoteGlobalIDString = 2083CD261BF0523B00413D07;
			remoteInfo = PNAttribution;
		};
		2083CD471BF0523B00413D07 /* PBXContainerItemProxy */ = {
			isa = PBXContainerItemProxy;
			containerPortal = 2083CD1F1BF0523B00413D07 /* Project object */;
			proxyType = 1;
			remoteGlobalIDString = 2083CD261BF0523B00413D07;
			remoteInfo = PNAttribution;
		};
/* End PBXContainerItemProxy section */

/* Begin PBXFileReference section */
		2083CD271BF0523B00413D07 /* PNAttribution.app */ = {isa = PBXFileReference; explicitFileType = wrapper.application; includeInIndex = 0; path = PNAttribution.app; sourceTree = BUILT_PRODUCTS_DIR; };
		2083CD2A1BF0523B00413D07 /* AppDelegate.swift */ = {isa = PBXFileReference; lastKnownFileType = sourcecode.swift; path = AppDelegate.swift; sourceTree = "<group>"; };
		2083CD2C1BF0523B00413D07 /* ViewController.swift */ = {isa = PBXFileReference; lastKnownFileType = sourcecode.swift; path = ViewController.swift; sourceTree = "<group>"; };
		2083CD2F1BF0523B00413D07 /* Base */ = {isa = PBXFileReference; lastKnownFileType = file.storyboard; name = Base; path = Base.lproj/Main.storyboard; sourceTree = "<group>"; };
		2083CD311BF0523B00413D07 /* Assets.xcassets */ = {isa = PBXFileReference; lastKnownFileType = folder.assetcatalog; path = Assets.xcassets; sourceTree = "<group>"; };
		2083CD341BF0523B00413D07 /* Base */ = {isa = PBXFileReference; lastKnownFileType = file.storyboard; name = Base; path = Base.lproj/LaunchScreen.storyboard; sourceTree = "<group>"; };
		2083CD361BF0523B00413D07 /* Info.plist */ = {isa = PBXFileReference; lastKnownFileType = text.plist.xml; path = Info.plist; sourceTree = "<group>"; };
		2083CD3B1BF0523B00413D07 /* PNAttributionTests.xctest */ = {isa = PBXFileReference; explicitFileType = wrapper.cfbundle; includeInIndex = 0; path = PNAttributionTests.xctest; sourceTree = BUILT_PRODUCTS_DIR; };
		2083CD3F1BF0523B00413D07 /* PNAttributionTests.swift */ = {isa = PBXFileReference; lastKnownFileType = sourcecode.swift; path = PNAttributionTests.swift; sourceTree = "<group>"; };
		2083CD411BF0523B00413D07 /* Info.plist */ = {isa = PBXFileReference; lastKnownFileType = text.plist.xml; path = Info.plist; sourceTree = "<group>"; };
		2083CD461BF0523B00413D07 /* PNAttributionUITests.xctest */ = {isa = PBXFileReference; explicitFileType = wrapper.cfbundle; includeInIndex = 0; path = PNAttributionUITests.xctest; sourceTree = BUILT_PRODUCTS_DIR; };
		2083CD4A1BF0523B00413D07 /* PNAttributionUITests.swift */ = {isa = PBXFileReference; lastKnownFileType = sourcecode.swift; path = PNAttributionUITests.swift; sourceTree = "<group>"; };
		2083CD4C1BF0523B00413D07 /* Info.plist */ = {isa = PBXFileReference; lastKnownFileType = text.plist.xml; path = Info.plist; sourceTree = "<group>"; };
/* End PBXFileReference section */

/* Begin PBXFrameworksBuildPhase section */
		2083CD241BF0523B00413D07 /* Frameworks */ = {
			isa = PBXFrameworksBuildPhase;
			buildActionMask = 2147483647;
			files = (
			);
			runOnlyForDeploymentPostprocessing = 0;
		};
		2083CD381BF0523B00413D07 /* Frameworks */ = {
			isa = PBXFrameworksBuildPhase;
			buildActionMask = 2147483647;
			files = (
			);
			runOnlyForDeploymentPostprocessing = 0;
		};
		2083CD431BF0523B00413D07 /* Frameworks */ = {
			isa = PBXFrameworksBuildPhase;
			buildActionMask = 2147483647;
			files = (
			);
			runOnlyForDeploymentPostprocessing = 0;
		};
/* End PBXFrameworksBuildPhase section */

/* Begin PBXGroup section */
		2083CD1E1BF0523B00413D07 = {
			isa = PBXGroup;
			children = (
				2083CD291BF0523B00413D07 /* PNAttribution */,
				2083CD3E1BF0523B00413D07 /* PNAttributionTests */,
				2083CD491BF0523B00413D07 /* PNAttributionUITests */,
				2083CD281BF0523B00413D07 /* Products */,
			);
			sourceTree = "<group>";
		};
		2083CD281BF0523B00413D07 /* Products */ = {
			isa = PBXGroup;
			children = (
				2083CD271BF0523B00413D07 /* PNAttribution.app */,
				2083CD3B1BF0523B00413D07 /* PNAttributionTests.xctest */,
				2083CD461BF0523B00413D07 /* PNAttributionUITests.xctest */,
			);
			name = Products;
			sourceTree = "<group>";
		};
		2083CD291BF0523B00413D07 /* PNAttribution */ = {
			isa = PBXGroup;
			children = (
				2083CD2A1BF0523B00413D07 /* AppDelegate.swift */,
				2083CD2C1BF0523B00413D07 /* ViewController.swift */,
				2083CD2E1BF0523B00413D07 /* Main.storyboard */,
				2083CD311BF0523B00413D07 /* Assets.xcassets */,
				2083CD331BF0523B00413D07 /* LaunchScreen.storyboard */,
				2083CD361BF0523B00413D07 /* Info.plist */,
			);
			path = PNAttribution;
			sourceTree = "<group>";
		};
		2083CD3E1BF0523B00413D07 /* PNAttributionTests */ = {
			isa = PBXGroup;
			children = (
				2083CD3F1BF0523B00413D07 /* PNAttributionTests.swift */,
				2083CD411BF0523B00413D07 /* Info.plist */,
			);
			path = PNAttributionTests;
			sourceTree = "<group>";
		};
		2083CD491BF0523B00413D07 /* PNAttributionUITests */ = {
			isa = PBXGroup;
			children = (
				2083CD4A1BF0523B00413D07 /* PNAttributionUITests.swift */,
				2083CD4C1BF0523B00413D07 /* Info.plist */,
			);
			path = PNAttributionUITests;
			sourceTree = "<group>";
		};
/* End PBXGroup section */

/* Begin PBXNativeTarget section */
		2083CD261BF0523B00413D07 /* PNAttribution */ = {
			isa = PBXNativeTarget;
			buildConfigurationList = 2083CD4F1BF0523B00413D07 /* Build configuration list for PBXNativeTarget "PNAttribution" */;
			buildPhases = (
				2083CD231BF0523B00413D07 /* Sources */,
				2083CD241BF0523B00413D07 /* Frameworks */,
				2083CD251BF0523B00413D07 /* Resources */,
			);
			buildRules = (
			);
			dependencies = (
			);
			name = PNAttribution;
			productName = PNAttribution;
			productReference = 2083CD271BF0523B00413D07 /* PNAttribution.app */;
			productType = "com.apple.product-type.application";
		};
		2083CD3A1BF0523B00413D07 /* PNAttributionTests */ = {
			isa = PBXNativeTarget;
			buildConfigurationList = 2083CD521BF0523B00413D07 /* Build configuration list for PBXNativeTarget "PNAttributionTests" */;
			buildPhases = (
				2083CD371BF0523B00413D07 /* Sources */,
				2083CD381BF0523B00413D07 /* Frameworks */,
				2083CD391BF0523B00413D07 /* Resources */,
			);
			buildRules = (
			);
			dependencies = (
				2083CD3D1BF0523B00413D07 /* PBXTargetDependency */,
			);
			name = PNAttributionTests;
			productName = PNAttributionTests;
			productReference = 2083CD3B1BF0523B00413D07 /* PNAttributionTests.xctest */;
			productType = "com.apple.product-type.bundle.unit-test";
		};
		2083CD451BF0523B00413D07 /* PNAttributionUITests */ = {
			isa = PBXNativeTarget;
			buildConfigurationList = 2083CD551BF0523B00413D07 /* Build configuration list for PBXNativeTarget "PNAttributionUITests" */;
			buildPhases = (
				2083CD421BF0523B00413D07 /* Sources */,
				2083CD431BF0523B00413D07 /* Frameworks */,
				2083CD441BF0523B00413D07 /* Resources */,
			);
			buildRules = (
			);
			dependencies = (
				2083CD481BF0523B00413D07 /* PBXTargetDependency */,
			);
			name = PNAttributionUITests;
			productName = PNAttributionUITests;
			productReference = 2083CD461BF0523B00413D07 /* PNAttributionUITests.xctest */;
			productType = "com.apple.product-type.bundle.ui-testing";
		};
/* End PBXNativeTarget section */

/* Begin PBXProject section */
		2083CD1F1BF0523B00413D07 /* Project object */ = {
			isa = PBXProject;
			attributes = {
				LastSwiftUpdateCheck = 0710;
				LastUpgradeCheck = 0710;
				ORGANIZATIONNAME = Alatan;
				TargetAttributes = {
					2083CD261BF0523B00413D07 = {
						CreatedOnToolsVersion = 7.1;
					};
					2083CD3A1BF0523B00413D07 = {
						CreatedOnToolsVersion = 7.1;
						TestTargetID = 2083CD261BF0523B00413D07;
					};
					2083CD451BF0523B00413D07 = {
						CreatedOnToolsVersion = 7.1;
						TestTargetID = 2083CD261BF0523B00413D07;
					};
				};
			};
			buildConfigurationList = 2083CD221BF0523B00413D07 /* Build configuration list for PBXProject "PNAttribution" */;
			compatibilityVersion = "Xcode 3.2";
			developmentRegion = English;
			hasScannedForEncodings = 0;
			knownRegions = (
				en,
				Base,
			);
			mainGroup = 2083CD1E1BF0523B00413D07;
			productRefGroup = 2083CD281BF0523B00413D07 /* Products */;
			projectDirPath = "";
			projectRoot = "";
			targets = (
				2083CD261BF0523B00413D07 /* PNAttribution */,
				2083CD3A1BF0523B00413D07 /* PNAttributionTests */,
				2083CD451BF0523B00413D07 /* PNAttributionUITests */,
			);
		};
/* End PBXProject section */

/* Begin PBXResourcesBuildPhase section */
		2083CD251BF0523B00413D07 /* Resources */ = {
			isa = PBXResourcesBuildPhase;
			buildActionMask = 2147483647;
			files = (
				2083CD351BF0523B00413D07 /* LaunchScreen.storyboard in Resources */,
				2083CD321BF0523B00413D07 /* Assets.xcassets in Resources */,
				2083CD301BF0523B00413D07 /* Main.storyboard in Resources */,
			);
			runOnlyForDeploymentPostprocessing = 0;
		};
		2083CD391BF0523B00413D07 /* Resources */ = {
			isa = PBXResourcesBuildPhase;
			buildActionMask = 2147483647;
			files = (
			);
			runOnlyForDeploymentPostprocessing = 0;
		};
		2083CD441BF0523B00413D07 /* Resources */ = {
			isa = PBXResourcesBuildPhase;
			buildActionMask = 2147483647;
			files = (
			);
			runOnlyForDeploymentPostprocessing = 0;
		};
/* End PBXResourcesBuildPhase section */

/* Begin PBXSourcesBuildPhase section */
		2083CD231BF0523B00413D07 /* Sources */ = {
			isa = PBXSourcesBuildPhase;
			buildActionMask = 2147483647;
			files = (
				2083CD2D1BF0523B00413D07 /* ViewController.swift in Sources */,
				2083CD2B1BF0523B00413D07 /* AppDelegate.swift in Sources */,
			);
			runOnlyForDeploymentPostprocessing = 0;
		};
		2083CD371BF0523B00413D07 /* Sources */ = {
			isa = PBXSourcesBuildPhase;
			buildActionMask = 2147483647;
			files = (
				2083CD401BF0523B00413D07 /* PNAttributionTests.swift in Sources */,
			);
			runOnlyForDeploymentPostprocessing = 0;
		};
		2083CD421BF0523B00413D07 /* Sources */ = {
			isa = PBXSourcesBuildPhase;
			buildActionMask = 2147483647;
			files = (
				2083CD4B1BF0523B00413D07 /* PNAttributionUITests.swift in Sources */,
			);
			runOnlyForDeploymentPostprocessing = 0;
		};
/* End PBXSourcesBuildPhase section */

/* Begin PBXTargetDependency section */
		2083CD3D1BF0523B00413D07 /* PBXTargetDependency */ = {
			isa = PBXTargetDependency;
			target = 2083CD261BF0523B00413D07 /* PNAttribution */;
			targetProxy = 2083CD3C1BF0523B00413D07 /* PBXContainerItemProxy */;
		};
		2083CD481BF0523B00413D07 /* PBXTargetDependency */ = {
			isa = PBXTargetDependency;
			target = 2083CD261BF0523B00413D07 /* PNAttribution */;
			targetProxy = 2083CD471BF0523B00413D07 /* PBXContainerItemProxy */;
		};
/* End PBXTargetDependency section */

/* Begin PBXVariantGroup section */
		2083CD2E1BF0523B00413D07 /* Main.storyboard */ = {
			isa = PBXVariantGroup;
			children = (
				2083CD2F1BF0523B00413D07 /* Base */,
			);
			name = Main.storyboard;
			sourceTree = "<group>";
		};
		2083CD331BF0523B00413D07 /* LaunchScreen.storyboard */ = {
			isa = PBXVariantGroup;
			children = (
				2083CD341BF0523B00413D07 /* Base */,
			);
			name = LaunchScreen.storyboard;
			sourceTree = "<group>";
		};
/* End PBXVariantGroup section */

/* Begin XCBuildConfiguration section */
		2083CD4D1BF0523B00413D07 /* Debug */ = {
			isa = XCBuildConfiguration;
			buildSettings = {
				ALWAYS_SEARCH_USER_PATHS = NO;
				CLANG_CXX_LANGUAGE_STANDARD = "gnu++0x";
				CLANG_CXX_LIBRARY = "libc++";
				CLANG_ENABLE_MODULES = YES;
				CLANG_ENABLE_OBJC_ARC = YES;
				CLANG_WARN_BOOL_CONVERSION = YES;
				CLANG_WARN_CONSTANT_CONVERSION = YES;
				CLANG_WARN_DIRECT_OBJC_ISA_USAGE = YES_ERROR;
				CLANG_WARN_EMPTY_BODY = YES;
				CLANG_WARN_ENUM_CONVERSION = YES;
				CLANG_WARN_INT_CONVERSION = YES;
				CLANG_WARN_OBJC_ROOT_CLASS = YES_ERROR;
				CLANG_WARN_UNREACHABLE_CODE = YES;
				CLANG_WARN__DUPLICATE_METHOD_MATCH = YES;
				"CODE_SIGN_IDENTITY[sdk=iphoneos*]" = "iPhone Developer";
				COPY_PHASE_STRIP = NO;
				DEBUG_INFORMATION_FORMAT = dwarf;
				ENABLE_STRICT_OBJC_MSGSEND = YES;
				ENABLE_TESTABILITY = YES;
				GCC_C_LANGUAGE_STANDARD = gnu99;
				GCC_DYNAMIC_NO_PIC = NO;
				GCC_NO_COMMON_BLOCKS = YES;
				GCC_OPTIMIZATION_LEVEL = 0;
				GCC_PREPROCESSOR_DEFINITIONS = (
					"DEBUG=1",
					"$(inherited)",
				);
				GCC_WARN_64_TO_32_BIT_CONVERSION = YES;
				GCC_WARN_ABOUT_RETURN_TYPE = YES_ERROR;
				GCC_WARN_UNDECLARED_SELECTOR = YES;
				GCC_WARN_UNINITIALIZED_AUTOS = YES_AGGRESSIVE;
				GCC_WARN_UNUSED_FUNCTION = YES;
				GCC_WARN_UNUSED_VARIABLE = YES;
				IPHONEOS_DEPLOYMENT_TARGET = 9.1;
				MTL_ENABLE_DEBUG_INFO = YES;
				ONLY_ACTIVE_ARCH = YES;
				SDKROOT = iphoneos;
				SWIFT_OPTIMIZATION_LEVEL = "-Onone";
			};
			name = Debug;
		};
		2083CD4E1BF0523B00413D07 /* Release */ = {
			isa = XCBuildConfiguration;
			buildSettings = {
				ALWAYS_SEARCH_USER_PATHS = NO;
				CLANG_CXX_LANGUAGE_STANDARD = "gnu++0x";
				CLANG_CXX_LIBRARY = "libc++";
				CLANG_ENABLE_MODULES = YES;
				CLANG_ENABLE_OBJC_ARC = YES;
				CLANG_WARN_BOOL_CONVERSION = YES;
				CLANG_WARN_CONSTANT_CONVERSION = YES;
				CLANG_WARN_DIRECT_OBJC_ISA_USAGE = YES_ERROR;
				CLANG_WARN_EMPTY_BODY = YES;
				CLANG_WARN_ENUM_CONVERSION = YES;
				CLANG_WARN_INT_CONVERSION = YES;
				CLANG_WARN_OBJC_ROOT_CLASS = YES_ERROR;
				CLANG_WARN_UNREACHABLE_CODE = YES;
				CLANG_WARN__DUPLICATE_METHOD_MATCH = YES;
				"CODE_SIGN_IDENTITY[sdk=iphoneos*]" = "iPhone Developer";
				COPY_PHASE_STRIP = NO;
				DEBUG_INFORMATION_FORMAT = "dwarf-with-dsym";
				ENABLE_NS_ASSERTIONS = NO;
				ENABLE_STRICT_OBJC_MSGSEND = YES;
				GCC_C_LANGUAGE_STANDARD = gnu99;
				GCC_NO_COMMON_BLOCKS = YES;
				GCC_WARN_64_TO_32_BIT_CONVERSION = YES;
				GCC_WARN_ABOUT_RETURN_TYPE = YES_ERROR;
				GCC_WARN_UNDECLARED_SELECTOR = YES;
				GCC_WARN_UNINITIALIZED_AUTOS = YES_AGGRESSIVE;
				GCC_WARN_UNUSED_FUNCTION = YES;
				GCC_WARN_UNUSED_VARIABLE = YES;
				IPHONEOS_DEPLOYMENT_TARGET = 9.1;
				MTL_ENABLE_DEBUG_INFO = NO;
				SDKROOT = iphoneos;
				VALIDATE_PRODUCT = YES;
			};
			name = Release;
		};
		2083CD501BF0523B00413D07 /* Debug */ = {
			isa = XCBuildConfiguration;
			buildSettings = {
				ASSETCATALOG_COMPILER_APPICON_NAME = AppIcon;
				INFOPLIST_FILE = PNAttribution/Info.plist;
				LD_RUNPATH_SEARCH_PATHS = "$(inherited) @executable_path/Frameworks";
				PRODUCT_BUNDLE_IDENTIFIER = Alatan.PNAttribution;
				PRODUCT_NAME = "$(TARGET_NAME)";
			};
			name = Debug;
		};
		2083CD511BF0523B00413D07 /* Release */ = {
			isa = XCBuildConfiguration;
			buildSettings = {
				ASSETCATALOG_COMPILER_APPICON_NAME = AppIcon;
				INFOPLIST_FILE = PNAttribution/Info.plist;
				LD_RUNPATH_SEARCH_PATHS = "$(inherited) @executable_path/Frameworks";
				PRODUCT_BUNDLE_IDENTIFIER = Alatan.PNAttribution;
				PRODUCT_NAME = "$(TARGET_NAME)";
			};
			name = Release;
		};
		2083CD531BF0523B00413D07 /* Debug */ = {
			isa = XCBuildConfiguration;
			buildSettings = {
				BUNDLE_LOADER = "$(TEST_HOST)";
				INFOPLIST_FILE = PNAttributionTests/Info.plist;
				LD_RUNPATH_SEARCH_PATHS = "$(inherited) @executable_path/Frameworks @loader_path/Frameworks";
				PRODUCT_BUNDLE_IDENTIFIER = Alatan.PNAttributionTests;
				PRODUCT_NAME = "$(TARGET_NAME)";
				TEST_HOST = "$(BUILT_PRODUCTS_DIR)/PNAttribution.app/PNAttribution";
			};
			name = Debug;
		};
		2083CD541BF0523B00413D07 /* Release */ = {
			isa = XCBuildConfiguration;
			buildSettings = {
				BUNDLE_LOADER = "$(TEST_HOST)";
				INFOPLIST_FILE = PNAttributionTests/Info.plist;
				LD_RUNPATH_SEARCH_PATHS = "$(inherited) @executable_path/Frameworks @loader_path/Frameworks";
				PRODUCT_BUNDLE_IDENTIFIER = Alatan.PNAttributionTests;
				PRODUCT_NAME = "$(TARGET_NAME)";
				TEST_HOST = "$(BUILT_PRODUCTS_DIR)/PNAttribution.app/PNAttribution";
			};
			name = Release;
		};
		2083CD561BF0523B00413D07 /* Debug */ = {
			isa = XCBuildConfiguration;
			buildSettings = {
				INFOPLIST_FILE = PNAttributionUITests/Info.plist;
				LD_RUNPATH_SEARCH_PATHS = "$(inherited) @executable_path/Frameworks @loader_path/Frameworks";
				PRODUCT_BUNDLE_IDENTIFIER = Alatan.PNAttributionUITests;
				PRODUCT_NAME = "$(TARGET_NAME)";
				TEST_TARGET_NAME = PNAttribution;
				USES_XCTRUNNER = YES;
			};
			name = Debug;
		};
		2083CD571BF0523B00413D07 /* Release */ = {
			isa = XCBuildConfiguration;
			buildSettings = {
				INFOPLIST_FILE = PNAttributionUITests/Info.plist;
				LD_RUNPATH_SEARCH_PATHS = "$(inherited) @executable_path/Frameworks @loader_path/Frameworks";
				PRODUCT_BUNDLE_IDENTIFIER = Alatan.PNAttributionUITests;
				PRODUCT_NAME = "$(TARGET_NAME)";
				TEST_TARGET_NAME = PNAttribution;
				USES_XCTRUNNER = YES;
			};
			name = Release;
		};
/* End XCBuildConfiguration section */

/* Begin XCConfigurationList section */
		2083CD221BF0523B00413D07 /* Build configuration list for PBXProject "PNAttribution" */ = {
			isa = XCConfigurationList;
			buildConfigurations = (
				2083CD4D1BF0523B00413D07 /* Debug */,
				2083CD4E1BF0523B00413D07 /* Release */,
			);
			defaultConfigurationIsVisible = 0;
			defaultConfigurationName = Release;
		};
		2083CD4F1BF0523B00413D07 /* Build configuration list for PBXNativeTarget "PNAttribution" */ = {
			isa = XCConfigurationList;
			buildConfigurations = (
				2083CD501BF0523B00413D07 /* Debug */,
				2083CD511BF0523B00413D07 /* Release */,
			);
			defaultConfigurationIsVisible = 0;
		};
		2083CD521BF0523B00413D07 /* Build configuration list for PBXNativeTarget "PNAttributionTests" */ = {
			isa = XCConfigurationList;
			buildConfigurations = (
				2083CD531BF0523B00413D07 /* Debug */,
				2083CD541BF0523B00413D07 /* Release */,
			);
			defaultConfigurationIsVisible = 0;
		};
		2083CD551BF0523B00413D07 /* Build configuration list for PBXNativeTarget "PNAttributionUITests" */ = {
			isa = XCConfigurationList;
			buildConfigurations = (
				2083CD561BF0523B00413D07 /* Debug */,
				2083CD571BF0523B00413D07 /* Release */,
			);
			defaultConfigurationIsVisible = 0;
		};
/* End XCConfigurationList section */
	};
	rootObject = 2083CD1F1BF0523B00413D07 /* Project object */;
}
